
Microsoft Visual Studio Solution File, Format Version 12.00
# Visual Studio 15
VisualStudioVersion = 15.0.27130.2026
MinimumVisualStudioVersion = 10.0.40219.1
Project("{FAE04EC0-301F-11D3-BF4B-00C04F79EFBC}") = "CardServer", "CardServer\CardServer.csproj", "{A7A60347-3E87-4010-955A-B3313DD5DF00}"
EndProject
Global
	GlobalSection(SolutionConfigurationPlatforms) = preSolution
		Debug|Any CPU = Debug|Any CPU
		Release|Any CPU = Release|Any CPU
	EndGlobalSection
	GlobalSection(ProjectConfigurationPlatforms) = postSolution
		{A7A60347-3E87-4010-955A-B3313DD5DF00}.Debug|Any CPU.ActiveCfg = Debug|Any CPU
		{A7A60347-3E87-4010-955A-B3313DD5DF00}.Debug|Any CPU.Build.0 = Debug|Any CPU
		{A7A60347-3E87-4010-955A-B3313DD5DF00}.Release|Any CPU.ActiveCfg = Release|Any CPU
		{A7A60347-3E87-4010-955A-B3313DD5DF00}.Release|Any CPU.Build.0 = Release|Any CPU
	EndGlobalSection
	GlobalSection(SolutionProperties) = preSolution
		HideSolutionNode = FALSE
	EndGlobalSection
	GlobalSection(ExtensibilityGlobals) = postSolution
		SolutionGuid = {B2F44107-8044-4D35-9BE9-53A9B2B22A60}
	EndGlobalSection
EndGlobal
